
Microsoft Visual Studio Solution File, Format Version 12.00
# Visual Studio Version 16
VisualStudioVersion = 16.0.31205.134
MinimumVisualStudioVersion = 10.0.40219.1
Project("{FAE04EC0-301F-11D3-BF4B-00C04F79EFBC}") = "BookOfWisdom", "BookOfWisdom\BookOfWisdom.csproj", "{40E57AA2-17F8-49F9-B8A4-916E1F4D82EC}"
EndProject
Global
	GlobalSection(SolutionConfigurationPlatforms) = preSolution
		Debug|Any CPU = Debug|Any CPU
		Release|Any CPU = Release|Any CPU
	EndGlobalSection
	GlobalSection(ProjectConfigurationPlatforms) = postSolution
		{40E57AA2-17F8-49F9-B8A4-916E1F4D82EC}.Debug|Any CPU.ActiveCfg = Debug|Any CPU
		{40E57AA2-17F8-49F9-B8A4-916E1F4D82EC}.Debug|Any CPU.Build.0 = Debug|Any CPU
		{40E57AA2-17F8-49F9-B8A4-916E1F4D82EC}.Release|Any CPU.ActiveCfg = Release|Any CPU
		{40E57AA2-17F8-49F9-B8A4-916E1F4D82EC}.Release|Any CPU.Build.0 = Release|Any CPU
	EndGlobalSection
	GlobalSection(SolutionProperties) = preSolution
		HideSolutionNode = FALSE
	EndGlobalSection
	GlobalSection(ExtensibilityGlobals) = postSolution
		SolutionGuid = {27B41727-A1AE-42A8-A803-6DFAF77CDB07}
	EndGlobalSection
EndGlobal
